<?xml version="1.0" encoding="utf-8"?>
<Project xmlns="http://schemas.microsoft.com/developer/msbuild/2003">
  <ItemGroup>
    <Filter Include="Form Files">
      <UniqueIdentifier>{99349809-55BA-4b9d-BF79-8FDBB0286EB3}</UniqueIdentifier>
      <Extensions>ui</Extensions>
      <ParseFiles>false</ParseFiles>
    </Filter>
    <Filter Include="Form Files">
      <UniqueIdentifier>{99349809-55BA-4b9d-BF79-8FDBB0286EB3}</UniqueIdentifier>
      <Extensions>ui</Extensions>
      <ParseFiles>false</ParseFiles>
    </Filter>
    <Filter Include="Generated Files">
      <UniqueIdentifier>{71ED8ED8-ACB9-4CE9-BBE1-E00B30144E11}</UniqueIdentifier>
      <Extensions>cpp;c;cxx;moc;h;def;odl;idl;res;</Extensions>
    </Filter>
    <Filter Include="Generated Files">
      <UniqueIdentifier>{71ED8ED8-ACB9-4CE9-BBE1-E00B30144E11}</UniqueIdentifier>
      <Extensions>cpp;c;cxx;moc;h;def;odl;idl;res;</Extensions>
    </Filter>
    <Filter Include="Header Files">
      <UniqueIdentifier>{93995380-89BD-4b04-88EB-625FBE52EBFB}</UniqueIdentifier>
      <Extensions>h;hpp;hxx;hm;inl;inc;xsd</Extensions>
    </Filter>
    <Filter Include="Header Files">
      <UniqueIdentifier>{93995380-89BD-4b04-88EB-625FBE52EBFB}</UniqueIdentifier>
      <Extensions>h;hpp;hxx;hm;inl;inc;xsd</Extensions>
    </Filter>
    <Filter Include="Source Files">
      <UniqueIdentifier>{4FC737F1-C7A5-4376-A066-2A32D752A2FF}</UniqueIdentifier>
      <Extensions>cpp;c;cxx;def;odl;idl;hpj;bat;asm;asmx</Extensions>
    </Filter>
    <Filter Include="Source Files">
      <UniqueIdentifier>{4FC737F1-C7A5-4376-A066-2A32D752A2FF}</UniqueIdentifier>
      <Extensions>cpp;c;cxx;def;odl;idl;hpj;bat;asm;asmx</Extensions>
    </Filter>
  </ItemGroup>
  <ItemGroup>
    <ClCompile Include="3rdparty\botan\botan.cpp">
      <Filter>Source Files</Filter>
    </ClCompile>
    <ClCompile Include="sftpchannel.cpp">
      <Filter>Source Files</Filter>
    </ClCompile>
    <ClCompile Include="sftpdefs.cpp">
      <Filter>Source Files</Filter>
    </ClCompile>
    <ClCompile Include="sftpfilesystemmodel.cpp">
      <Filter>Source Files</Filter>
    </ClCompile>
    <ClCompile Include="sftpincomingpacket.cpp">
      <Filter>Source Files</Filter>
    </ClCompile>
    <ClCompile Include="sftpoperation.cpp">
      <Filter>Source Files</Filter>
    </ClCompile>
    <ClCompile Include="sftpoutgoingpacket.cpp">
      <Filter>Source Files</Filter>
    </ClCompile>
    <ClCompile Include="sftppacket.cpp">
      <Filter>Source Files</Filter>
    </ClCompile>
    <ClCompile Include="sshcapabilities.cpp">
      <Filter>Source Files</Filter>
    </ClCompile>
    <ClCompile Include="sshchannel.cpp">
      <Filter>Source Files</Filter>
    </ClCompile>
    <ClCompile Include="sshchannelmanager.cpp">
      <Filter>Source Files</Filter>
    </ClCompile>
    <ClCompile Include="sshconnection.cpp">
      <Filter>Source Files</Filter>
    </ClCompile>
    <ClCompile Include="sshconnectionmanager.cpp">
      <Filter>Source Files</Filter>
    </ClCompile>
    <ClCompile Include="sshcryptofacility.cpp">
      <Filter>Source Files</Filter>
    </ClCompile>
    <ClCompile Include="sshdirecttcpiptunnel.cpp">
      <Filter>Source Files</Filter>
    </ClCompile>
    <ClCompile Include="sshhostkeydatabase.cpp">
      <Filter>Source Files</Filter>
    </ClCompile>
    <ClCompile Include="sshincomingpacket.cpp">
      <Filter>Source Files</Filter>
    </ClCompile>
    <ClCompile Include="sshinit.cpp">
      <Filter>Source Files</Filter>
    </ClCompile>
    <ClCompile Include="sshkeycreationdialog.cpp">
      <Filter>Source Files</Filter>
    </ClCompile>
    <ClCompile Include="sshkeyexchange.cpp">
      <Filter>Source Files</Filter>
    </ClCompile>
    <ClCompile Include="sshkeygenerator.cpp">
      <Filter>Source Files</Filter>
    </ClCompile>
    <ClCompile Include="sshkeypasswordretriever.cpp">
      <Filter>Source Files</Filter>
    </ClCompile>
    <ClCompile Include="sshlogging.cpp">
      <Filter>Source Files</Filter>
    </ClCompile>
    <ClCompile Include="sshoutgoingpacket.cpp">
      <Filter>Source Files</Filter>
    </ClCompile>
    <ClCompile Include="sshpacket.cpp">
      <Filter>Source Files</Filter>
    </ClCompile>
    <ClCompile Include="sshpacketparser.cpp">
      <Filter>Source Files</Filter>
    </ClCompile>
    <ClCompile Include="sshremoteprocess.cpp">
      <Filter>Source Files</Filter>
    </ClCompile>
    <ClCompile Include="sshremoteprocessrunner.cpp">
      <Filter>Source Files</Filter>
    </ClCompile>
    <ClCompile Include="sshsendfacility.cpp">
      <Filter>Source Files</Filter>
    </ClCompile>
  </ItemGroup>
  <ItemGroup>
    <ClInclude Include="3rdparty\botan\botan.h">
      <Filter>Header Files</Filter>
    </ClInclude>
    <CustomBuild Include="sftpchannel.h">
      <Filter>Header Files</Filter>
    </CustomBuild>
    <CustomBuild Include="sftpchannel_p.h">
      <Filter>Header Files</Filter>
    </CustomBuild>
    <ClInclude Include="sftpdefs.h">
      <Filter>Header Files</Filter>
    </ClInclude>
    <CustomBuild Include="sftpfilesystemmodel.h">
      <Filter>Header Files</Filter>
    </CustomBuild>
    <ClInclude Include="sftpincomingpacket_p.h">
      <Filter>Header Files</Filter>
    </ClInclude>
    <ClInclude Include="sftpoperation_p.h">
      <Filter>Header Files</Filter>
    </ClInclude>
    <ClInclude Include="sftpoutgoingpacket_p.h">
      <Filter>Header Files</Filter>
    </ClInclude>
    <ClInclude Include="sftppacket_p.h">
      <Filter>Header Files</Filter>
    </ClInclude>
    <ClInclude Include="ssh_global.h">
      <Filter>Header Files</Filter>
    </ClInclude>
    <ClInclude Include="sshbotanconversions_p.h">
      <Filter>Header Files</Filter>
    </ClInclude>
    <ClInclude Include="sshcapabilities_p.h">
      <Filter>Header Files</Filter>
    </ClInclude>
    <CustomBuild Include="sshchannel_p.h">
      <Filter>Header Files</Filter>
    </CustomBuild>
    <CustomBuild Include="sshchannelmanager_p.h">
      <Filter>Header Files</Filter>
    </CustomBuild>
    <CustomBuild Include="sshconnection.h">
      <Filter>Header Files</Filter>
    </CustomBuild>
    <CustomBuild Include="sshconnection_p.h">
      <Filter>Header Files</Filter>
    </CustomBuild>
    <ClInclude Include="sshconnectionmanager.h">
      <Filter>Header Files</Filter>
    </ClInclude>
    <ClInclude Include="sshcryptofacility_p.h">
      <Filter>Header Files</Filter>
    </ClInclude>
    <CustomBuild Include="sshdirecttcpiptunnel.h">
      <Filter>Header Files</Filter>
    </CustomBuild>
    <CustomBuild Include="sshdirecttcpiptunnel_p.h">
      <Filter>Header Files</Filter>
    </CustomBuild>
    <ClInclude Include="ssherrors.h">
      <Filter>Header Files</Filter>
    </ClInclude>
    <ClInclude Include="sshexception_p.h">
      <Filter>Header Files</Filter>
    </ClInclude>
    <ClInclude Include="sshhostkeydatabase.h">
      <Filter>Header Files</Filter>
    </ClInclude>
    <ClInclude Include="sshincomingpacket_p.h">
      <Filter>Header Files</Filter>
    </ClInclude>
    <ClInclude Include="sshinit_p.h">
      <Filter>Header Files</Filter>
    </ClInclude>
    <CustomBuild Include="sshkeycreationdialog.h">
      <Filter>Header Files</Filter>
    </CustomBuild>
    <ClInclude Include="sshkeyexchange_p.h">
      <Filter>Header Files</Filter>
    </ClInclude>
    <ClInclude Include="sshkeygenerator.h">
      <Filter>Header Files</Filter>
    </ClInclude>
    <ClInclude Include="sshkeypasswordretriever_p.h">
      <Filter>Header Files</Filter>
    </ClInclude>
    <ClInclude Include="sshlogging_p.h">
      <Filter>Header Files</Filter>
    </ClInclude>
    <ClInclude Include="sshoutgoingpacket_p.h">
      <Filter>Header Files</Filter>
    </ClInclude>
    <ClInclude Include="sshpacket_p.h">
      <Filter>Header Files</Filter>
    </ClInclude>
    <ClInclude Include="sshpacketparser_p.h">
      <Filter>Header Files</Filter>
    </ClInclude>
    <ClInclude Include="sshpseudoterminal.h">
      <Filter>Header Files</Filter>
    </ClInclude>
    <CustomBuild Include="sshremoteprocess.h">
      <Filter>Header Files</Filter>
    </CustomBuild>
    <CustomBuild Include="sshremoteprocess_p.h">
      <Filter>Header Files</Filter>
    </CustomBuild>
    <CustomBuild Include="sshremoteprocessrunner.h">
      <Filter>Header Files</Filter>
    </CustomBuild>
    <ClInclude Include="sshsendfacility_p.h">
      <Filter>Header Files</Filter>
    </ClInclude>
  </ItemGroup>
  <ItemGroup>
    <CustomBuild Include="debug\moc_predefs.h.cbt">
      <Filter>Generated Files</Filter>
    </CustomBuild>
    <CustomBuild Include="release\moc_predefs.h.cbt">
      <Filter>Generated Files</Filter>
    </CustomBuild>
    <ClCompile Include="debug\moc_sftpchannel.cpp">
      <Filter>Generated Files</Filter>
    </ClCompile>
    <ClCompile Include="release\moc_sftpchannel.cpp">
      <Filter>Generated Files</Filter>
    </ClCompile>
    <ClCompile Include="debug\moc_sftpchannel_p.cpp">
      <Filter>Generated Files</Filter>
    </ClCompile>
    <ClCompile Include="release\moc_sftpchannel_p.cpp">
      <Filter>Generated Files</Filter>
    </ClCompile>
    <ClCompile Include="debug\moc_sftpfilesystemmodel.cpp">
      <Filter>Generated Files</Filter>
    </ClCompile>
    <ClCompile Include="release\moc_sftpfilesystemmodel.cpp">
      <Filter>Generated Files</Filter>
    </ClCompile>
    <ClCompile Include="debug\moc_sshchannel_p.cpp">
      <Filter>Generated Files</Filter>
    </ClCompile>
    <ClCompile Include="release\moc_sshchannel_p.cpp">
      <Filter>Generated Files</Filter>
    </ClCompile>
    <ClCompile Include="debug\moc_sshchannelmanager_p.cpp">
      <Filter>Generated Files</Filter>
    </ClCompile>
    <ClCompile Include="release\moc_sshchannelmanager_p.cpp">
      <Filter>Generated Files</Filter>
    </ClCompile>
    <ClCompile Include="debug\moc_sshconnection.cpp">
      <Filter>Generated Files</Filter>
    </ClCompile>
    <ClCompile Include="release\moc_sshconnection.cpp">
      <Filter>Generated Files</Filter>
    </ClCompile>
    <ClCompile Include="debug\moc_sshconnection_p.cpp">
      <Filter>Generated Files</Filter>
    </ClCompile>
    <ClCompile Include="release\moc_sshconnection_p.cpp">
      <Filter>Generated Files</Filter>
    </ClCompile>
    <ClCompile Include="debug\moc_sshdirecttcpiptunnel.cpp">
      <Filter>Generated Files</Filter>
    </ClCompile>
    <ClCompile Include="release\moc_sshdirecttcpiptunnel.cpp">
      <Filter>Generated Files</Filter>
    </ClCompile>
    <ClCompile Include="debug\moc_sshdirecttcpiptunnel_p.cpp">
      <Filter>Generated Files</Filter>
    </ClCompile>
    <ClCompile Include="release\moc_sshdirecttcpiptunnel_p.cpp">
      <Filter>Generated Files</Filter>
    </ClCompile>
    <ClCompile Include="debug\moc_sshkeycreationdialog.cpp">
      <Filter>Generated Files</Filter>
    </ClCompile>
    <ClCompile Include="release\moc_sshkeycreationdialog.cpp">
      <Filter>Generated Files</Filter>
    </ClCompile>
    <ClCompile Include="debug\moc_sshremoteprocess.cpp">
      <Filter>Generated Files</Filter>
    </ClCompile>
    <ClCompile Include="release\moc_sshremoteprocess.cpp">
      <Filter>Generated Files</Filter>
    </ClCompile>
    <ClCompile Include="debug\moc_sshremoteprocess_p.cpp">
      <Filter>Generated Files</Filter>
    </ClCompile>
    <ClCompile Include="release\moc_sshremoteprocess_p.cpp">
      <Filter>Generated Files</Filter>
    </ClCompile>
    <ClCompile Include="debug\moc_sshremoteprocessrunner.cpp">
      <Filter>Generated Files</Filter>
    </ClCompile>
    <ClCompile Include="release\moc_sshremoteprocessrunner.cpp">
      <Filter>Generated Files</Filter>
    </ClCompile>
    <CustomBuild Include="debug\sshconnectionmanager.moc.cbt">
      <Filter>Generated Files</Filter>
    </CustomBuild>
    <CustomBuild Include="release\sshconnectionmanager.moc.cbt">
      <Filter>Generated Files</Filter>
    </CustomBuild>
    <ClInclude Include="ui_sshkeycreationdialog.h">
      <Filter>Generated Files</Filter>
    </ClInclude>
  </ItemGroup>
  <ItemGroup>
    <CustomBuild Include="sshkeycreationdialog.ui">
      <Filter>Form Files</Filter>
    </CustomBuild>
  </ItemGroup>
</Project>